
Microsoft Visual Studio Solution File, Format Version 12.00
# Visual Studio Version 17
VisualStudioVersion = 17.3.32901.215
MinimumVisualStudioVersion = 10.0.40219.1
Project("{2150E333-8FDC-42A3-9474-1A3956D46DE8}") = "src", "src", "{5FBBC916-453D-4AA2-924B-9BD4DE5EAB87}"
EndProject
Project("{2150E333-8FDC-42A3-9474-1A3956D46DE8}") = "IdentityServer", "IdentityServer", "{9A1683DC-D01F-4239-AB16-9C7F7F63B3D5}"
EndProject
Project("{9A19103F-16F7-4668-BE54-9A1E7A4F7556}") = "IdentityServer", "src\IdentityServer\IdentityServer.csproj", "{E8664DE5-A181-4B10-B666-A42B6FE9CF4D}"
EndProject
Project("{2150E333-8FDC-42A3-9474-1A3956D46DE8}") = "Gateway", "Gateway", "{008FF35E-A493-42C8-BB43-25AEF3921B28}"
EndProject
Project("{2150E333-8FDC-42A3-9474-1A3956D46DE8}") = "Services", "Services", "{0F0958CE-BC86-4505-AFDD-EC4D77C3A5D5}"
EndProject
Project("{2150E333-8FDC-42A3-9474-1A3956D46DE8}") = "NewFolder1", "NewFolder1", "{ED0C2905-DAF2-4222-BF28-A8D518149DCF}"
EndProject
Global
	GlobalSection(SolutionConfigurationPlatforms) = preSolution
		Debug|Any CPU = Debug|Any CPU
		Release|Any CPU = Release|Any CPU
	EndGlobalSection
	GlobalSection(ProjectConfigurationPlatforms) = postSolution
		{E8664DE5-A181-4B10-B666-A42B6FE9CF4D}.Debug|Any CPU.ActiveCfg = Debug|Any CPU
		{E8664DE5-A181-4B10-B666-A42B6FE9CF4D}.Debug|Any CPU.Build.0 = Debug|Any CPU
		{E8664DE5-A181-4B10-B666-A42B6FE9CF4D}.Release|Any CPU.ActiveCfg = Release|Any CPU
		{E8664DE5-A181-4B10-B666-A42B6FE9CF4D}.Release|Any CPU.Build.0 = Release|Any CPU
	EndGlobalSection
	GlobalSection(SolutionProperties) = preSolution
		HideSolutionNode = FALSE
	EndGlobalSection
	GlobalSection(NestedProjects) = preSolution
		{9A1683DC-D01F-4239-AB16-9C7F7F63B3D5} = {5FBBC916-453D-4AA2-924B-9BD4DE5EAB87}
		{E8664DE5-A181-4B10-B666-A42B6FE9CF4D} = {9A1683DC-D01F-4239-AB16-9C7F7F63B3D5}
		{008FF35E-A493-42C8-BB43-25AEF3921B28} = {5FBBC916-453D-4AA2-924B-9BD4DE5EAB87}
		{0F0958CE-BC86-4505-AFDD-EC4D77C3A5D5} = {5FBBC916-453D-4AA2-924B-9BD4DE5EAB87}
		{ED0C2905-DAF2-4222-BF28-A8D518149DCF} = {0F0958CE-BC86-4505-AFDD-EC4D77C3A5D5}
	EndGlobalSection
	GlobalSection(ExtensibilityGlobals) = postSolution
		SolutionGuid = {2A6FF3B9-A772-42E3-8CAA-0E247E883A68}
	EndGlobalSection
EndGlobal
