
Microsoft Visual Studio Solution File, Format Version 12.00
# Visual Studio Version 17
VisualStudioVersion = 17.3.32901.215
MinimumVisualStudioVersion = 10.0.40219.1
Project("{2150E333-8FDC-42A3-9474-1A3956D46DE8}") = "src", "src", "{5FBBC916-453D-4AA2-924B-9BD4DE5EAB87}"
	ProjectSection(SolutionItems) = preProject
		Ports.txt = Ports.txt
	EndProjectSection
EndProject
Project("{2150E333-8FDC-42A3-9474-1A3956D46DE8}") = "IdentityServer", "IdentityServer", "{9A1683DC-D01F-4239-AB16-9C7F7F63B3D5}"
EndProject
Project("{9A19103F-16F7-4668-BE54-9A1E7A4F7556}") = "IdentityServer", "src\IdentityServer\IdentityServer.csproj", "{E8664DE5-A181-4B10-B666-A42B6FE9CF4D}"
EndProject
Project("{2150E333-8FDC-42A3-9474-1A3956D46DE8}") = "Gateway", "Gateway", "{008FF35E-A493-42C8-BB43-25AEF3921B28}"
EndProject
Project("{2150E333-8FDC-42A3-9474-1A3956D46DE8}") = "Services", "Services", "{0F0958CE-BC86-4505-AFDD-EC4D77C3A5D5}"
EndProject
Project("{2150E333-8FDC-42A3-9474-1A3956D46DE8}") = "Product", "Product", "{ED0C2905-DAF2-4222-BF28-A8D518149DCF}"
EndProject
Project("{FAE04EC0-301F-11D3-BF4B-00C04F79EFBC}") = "Services.Product.API", "src\Services\Product\Services.Product.API\Services.Product.API.csproj", "{3EAC386A-BFD7-4F83-9905-8C2B8D765DF5}"
EndProject
Project("{FAE04EC0-301F-11D3-BF4B-00C04F79EFBC}") = "Services.Product.Core", "src\Services\Product\Services.Product.Core\Services.Product.Core.csproj", "{1921A639-1AFB-4B72-92C9-27B4AE380394}"
EndProject
Project("{FAE04EC0-301F-11D3-BF4B-00C04F79EFBC}") = "Services.Product.Domain", "src\Services\Product\Services.Product.Domain\Services.Product.Domain.csproj", "{70F5E74E-C02D-47A5-A675-B467C768269A}"
EndProject
Project("{FAE04EC0-301F-11D3-BF4B-00C04F79EFBC}") = "Services.Product.Application", "src\Services\Product\Services.Product.Application\Services.Product.Application.csproj", "{0416763E-A391-4E0C-91B3-95FC735F6F0E}"
EndProject
Project("{2150E333-8FDC-42A3-9474-1A3956D46DE8}") = "ProductDetail", "ProductDetail", "{9210B9BA-26DC-4A18-B9A1-22B3129ED8B1}"
EndProject
Project("{FAE04EC0-301F-11D3-BF4B-00C04F79EFBC}") = "Services.ProductDetail.API", "src\Services\ProductDetail\Services.ProductDetail.API\Services.ProductDetail.API.csproj", "{348FDEAE-8A04-45A4-96B0-B27ADE599452}"
EndProject
Project("{FAE04EC0-301F-11D3-BF4B-00C04F79EFBC}") = "Services.ProductDetail.Core", "src\Services\ProductDetail\Services.ProductDetail.Core\Services.ProductDetail.Core.csproj", "{1F08DEBF-B65C-4CA0-B960-CAD8AA9DAF78}"
EndProject
Project("{FAE04EC0-301F-11D3-BF4B-00C04F79EFBC}") = "Services.ProductDetail.Application", "src\Services\ProductDetail\Services.ProductDetail.Application\Services.ProductDetail.Application.csproj", "{291EF4A5-69AC-4A32-BC09-48822E58A214}"
EndProject
Project("{FAE04EC0-301F-11D3-BF4B-00C04F79EFBC}") = "Services.ProductDetail.Domain", "src\Services\ProductDetail\Services.ProductDetail.Domain\Services.ProductDetail.Domain.csproj", "{9EDF67CF-C59A-47A0-8441-FDA3607092DA}"
EndProject
Project("{2150E333-8FDC-42A3-9474-1A3956D46DE8}") = "ProductExtras", "ProductExtras", "{30B8020D-F94D-4522-9B28-DB64ADF1BD69}"
EndProject
Project("{FAE04EC0-301F-11D3-BF4B-00C04F79EFBC}") = "Services.ProductExtras.API", "src\Services\ProductExtras\Services.ProductExtras.API\Services.ProductExtras.API.csproj", "{7CF50F41-A239-4FDD-AC3C-99D32A252314}"
EndProject
Project("{FAE04EC0-301F-11D3-BF4B-00C04F79EFBC}") = "Services.ProductExtras.Core", "src\Services\ProductExtras\Services.ProductExtras.Core\Services.ProductExtras.Core.csproj", "{105DD26A-282B-4CBA-A7C1-11D0CE58E6ED}"
EndProject
Project("{FAE04EC0-301F-11D3-BF4B-00C04F79EFBC}") = "Services.ProductExtras.Application", "src\Services\ProductExtras\Services.ProductExtras.Application\Services.ProductExtras.Application.csproj", "{4BEA723D-4DDE-402D-98EB-D858A803C5B1}"
EndProject
Project("{FAE04EC0-301F-11D3-BF4B-00C04F79EFBC}") = "Services.ProductExtras.Domain", "src\Services\ProductExtras\Services.ProductExtras.Domain\Services.ProductExtras.Domain.csproj", "{6CEAEC1D-83E3-4DB5-9D71-15ED068FE4B5}"
EndProject
Project("{2150E333-8FDC-42A3-9474-1A3956D46DE8}") = "Image", "Image", "{1AFC14F5-D8B6-4EFB-AF02-DD0B96543F9C}"
EndProject
Project("{FAE04EC0-301F-11D3-BF4B-00C04F79EFBC}") = "Services.Image.API", "src\Services\Image\Services.Image.API\Services.Image.API.csproj", "{5DED55AF-A027-4AA5-A421-354D55BEAB1E}"
EndProject
Global
	GlobalSection(SolutionConfigurationPlatforms) = preSolution
		Debug|Any CPU = Debug|Any CPU
		Release|Any CPU = Release|Any CPU
	EndGlobalSection
	GlobalSection(ProjectConfigurationPlatforms) = postSolution
		{E8664DE5-A181-4B10-B666-A42B6FE9CF4D}.Debug|Any CPU.ActiveCfg = Debug|Any CPU
		{E8664DE5-A181-4B10-B666-A42B6FE9CF4D}.Debug|Any CPU.Build.0 = Debug|Any CPU
		{E8664DE5-A181-4B10-B666-A42B6FE9CF4D}.Release|Any CPU.ActiveCfg = Release|Any CPU
		{E8664DE5-A181-4B10-B666-A42B6FE9CF4D}.Release|Any CPU.Build.0 = Release|Any CPU
		{3EAC386A-BFD7-4F83-9905-8C2B8D765DF5}.Debug|Any CPU.ActiveCfg = Debug|Any CPU
		{3EAC386A-BFD7-4F83-9905-8C2B8D765DF5}.Debug|Any CPU.Build.0 = Debug|Any CPU
		{3EAC386A-BFD7-4F83-9905-8C2B8D765DF5}.Release|Any CPU.ActiveCfg = Release|Any CPU
		{3EAC386A-BFD7-4F83-9905-8C2B8D765DF5}.Release|Any CPU.Build.0 = Release|Any CPU
		{1921A639-1AFB-4B72-92C9-27B4AE380394}.Debug|Any CPU.ActiveCfg = Debug|Any CPU
		{1921A639-1AFB-4B72-92C9-27B4AE380394}.Debug|Any CPU.Build.0 = Debug|Any CPU
		{1921A639-1AFB-4B72-92C9-27B4AE380394}.Release|Any CPU.ActiveCfg = Release|Any CPU
		{1921A639-1AFB-4B72-92C9-27B4AE380394}.Release|Any CPU.Build.0 = Release|Any CPU
		{70F5E74E-C02D-47A5-A675-B467C768269A}.Debug|Any CPU.ActiveCfg = Debug|Any CPU
		{70F5E74E-C02D-47A5-A675-B467C768269A}.Debug|Any CPU.Build.0 = Debug|Any CPU
		{70F5E74E-C02D-47A5-A675-B467C768269A}.Release|Any CPU.ActiveCfg = Release|Any CPU
		{70F5E74E-C02D-47A5-A675-B467C768269A}.Release|Any CPU.Build.0 = Release|Any CPU
		{0416763E-A391-4E0C-91B3-95FC735F6F0E}.Debug|Any CPU.ActiveCfg = Debug|Any CPU
		{0416763E-A391-4E0C-91B3-95FC735F6F0E}.Debug|Any CPU.Build.0 = Debug|Any CPU
		{0416763E-A391-4E0C-91B3-95FC735F6F0E}.Release|Any CPU.ActiveCfg = Release|Any CPU
		{0416763E-A391-4E0C-91B3-95FC735F6F0E}.Release|Any CPU.Build.0 = Release|Any CPU
		{348FDEAE-8A04-45A4-96B0-B27ADE599452}.Debug|Any CPU.ActiveCfg = Debug|Any CPU
		{348FDEAE-8A04-45A4-96B0-B27ADE599452}.Debug|Any CPU.Build.0 = Debug|Any CPU
		{348FDEAE-8A04-45A4-96B0-B27ADE599452}.Release|Any CPU.ActiveCfg = Release|Any CPU
		{348FDEAE-8A04-45A4-96B0-B27ADE599452}.Release|Any CPU.Build.0 = Release|Any CPU
		{1F08DEBF-B65C-4CA0-B960-CAD8AA9DAF78}.Debug|Any CPU.ActiveCfg = Debug|Any CPU
		{1F08DEBF-B65C-4CA0-B960-CAD8AA9DAF78}.Debug|Any CPU.Build.0 = Debug|Any CPU
		{1F08DEBF-B65C-4CA0-B960-CAD8AA9DAF78}.Release|Any CPU.ActiveCfg = Release|Any CPU
		{1F08DEBF-B65C-4CA0-B960-CAD8AA9DAF78}.Release|Any CPU.Build.0 = Release|Any CPU
		{291EF4A5-69AC-4A32-BC09-48822E58A214}.Debug|Any CPU.ActiveCfg = Debug|Any CPU
		{291EF4A5-69AC-4A32-BC09-48822E58A214}.Debug|Any CPU.Build.0 = Debug|Any CPU
		{291EF4A5-69AC-4A32-BC09-48822E58A214}.Release|Any CPU.ActiveCfg = Release|Any CPU
		{291EF4A5-69AC-4A32-BC09-48822E58A214}.Release|Any CPU.Build.0 = Release|Any CPU
		{9EDF67CF-C59A-47A0-8441-FDA3607092DA}.Debug|Any CPU.ActiveCfg = Debug|Any CPU
		{9EDF67CF-C59A-47A0-8441-FDA3607092DA}.Debug|Any CPU.Build.0 = Debug|Any CPU
		{9EDF67CF-C59A-47A0-8441-FDA3607092DA}.Release|Any CPU.ActiveCfg = Release|Any CPU
		{9EDF67CF-C59A-47A0-8441-FDA3607092DA}.Release|Any CPU.Build.0 = Release|Any CPU
		{7CF50F41-A239-4FDD-AC3C-99D32A252314}.Debug|Any CPU.ActiveCfg = Debug|Any CPU
		{7CF50F41-A239-4FDD-AC3C-99D32A252314}.Debug|Any CPU.Build.0 = Debug|Any CPU
		{7CF50F41-A239-4FDD-AC3C-99D32A252314}.Release|Any CPU.ActiveCfg = Release|Any CPU
		{7CF50F41-A239-4FDD-AC3C-99D32A252314}.Release|Any CPU.Build.0 = Release|Any CPU
		{105DD26A-282B-4CBA-A7C1-11D0CE58E6ED}.Debug|Any CPU.ActiveCfg = Debug|Any CPU
		{105DD26A-282B-4CBA-A7C1-11D0CE58E6ED}.Debug|Any CPU.Build.0 = Debug|Any CPU
		{105DD26A-282B-4CBA-A7C1-11D0CE58E6ED}.Release|Any CPU.ActiveCfg = Release|Any CPU
		{105DD26A-282B-4CBA-A7C1-11D0CE58E6ED}.Release|Any CPU.Build.0 = Release|Any CPU
		{4BEA723D-4DDE-402D-98EB-D858A803C5B1}.Debug|Any CPU.ActiveCfg = Debug|Any CPU
		{4BEA723D-4DDE-402D-98EB-D858A803C5B1}.Debug|Any CPU.Build.0 = Debug|Any CPU
		{4BEA723D-4DDE-402D-98EB-D858A803C5B1}.Release|Any CPU.ActiveCfg = Release|Any CPU
		{4BEA723D-4DDE-402D-98EB-D858A803C5B1}.Release|Any CPU.Build.0 = Release|Any CPU
		{6CEAEC1D-83E3-4DB5-9D71-15ED068FE4B5}.Debug|Any CPU.ActiveCfg = Debug|Any CPU
		{6CEAEC1D-83E3-4DB5-9D71-15ED068FE4B5}.Debug|Any CPU.Build.0 = Debug|Any CPU
		{6CEAEC1D-83E3-4DB5-9D71-15ED068FE4B5}.Release|Any CPU.ActiveCfg = Release|Any CPU
		{6CEAEC1D-83E3-4DB5-9D71-15ED068FE4B5}.Release|Any CPU.Build.0 = Release|Any CPU
		{5DED55AF-A027-4AA5-A421-354D55BEAB1E}.Debug|Any CPU.ActiveCfg = Debug|Any CPU
		{5DED55AF-A027-4AA5-A421-354D55BEAB1E}.Debug|Any CPU.Build.0 = Debug|Any CPU
		{5DED55AF-A027-4AA5-A421-354D55BEAB1E}.Release|Any CPU.ActiveCfg = Release|Any CPU
		{5DED55AF-A027-4AA5-A421-354D55BEAB1E}.Release|Any CPU.Build.0 = Release|Any CPU
	EndGlobalSection
	GlobalSection(SolutionProperties) = preSolution
		HideSolutionNode = FALSE
	EndGlobalSection
	GlobalSection(NestedProjects) = preSolution
		{9A1683DC-D01F-4239-AB16-9C7F7F63B3D5} = {5FBBC916-453D-4AA2-924B-9BD4DE5EAB87}
		{E8664DE5-A181-4B10-B666-A42B6FE9CF4D} = {9A1683DC-D01F-4239-AB16-9C7F7F63B3D5}
		{008FF35E-A493-42C8-BB43-25AEF3921B28} = {5FBBC916-453D-4AA2-924B-9BD4DE5EAB87}
		{0F0958CE-BC86-4505-AFDD-EC4D77C3A5D5} = {5FBBC916-453D-4AA2-924B-9BD4DE5EAB87}
		{ED0C2905-DAF2-4222-BF28-A8D518149DCF} = {0F0958CE-BC86-4505-AFDD-EC4D77C3A5D5}
		{3EAC386A-BFD7-4F83-9905-8C2B8D765DF5} = {ED0C2905-DAF2-4222-BF28-A8D518149DCF}
		{1921A639-1AFB-4B72-92C9-27B4AE380394} = {ED0C2905-DAF2-4222-BF28-A8D518149DCF}
		{70F5E74E-C02D-47A5-A675-B467C768269A} = {ED0C2905-DAF2-4222-BF28-A8D518149DCF}
		{0416763E-A391-4E0C-91B3-95FC735F6F0E} = {ED0C2905-DAF2-4222-BF28-A8D518149DCF}
		{9210B9BA-26DC-4A18-B9A1-22B3129ED8B1} = {0F0958CE-BC86-4505-AFDD-EC4D77C3A5D5}
		{348FDEAE-8A04-45A4-96B0-B27ADE599452} = {9210B9BA-26DC-4A18-B9A1-22B3129ED8B1}
		{1F08DEBF-B65C-4CA0-B960-CAD8AA9DAF78} = {9210B9BA-26DC-4A18-B9A1-22B3129ED8B1}
		{291EF4A5-69AC-4A32-BC09-48822E58A214} = {9210B9BA-26DC-4A18-B9A1-22B3129ED8B1}
		{9EDF67CF-C59A-47A0-8441-FDA3607092DA} = {9210B9BA-26DC-4A18-B9A1-22B3129ED8B1}
		{30B8020D-F94D-4522-9B28-DB64ADF1BD69} = {0F0958CE-BC86-4505-AFDD-EC4D77C3A5D5}
		{7CF50F41-A239-4FDD-AC3C-99D32A252314} = {30B8020D-F94D-4522-9B28-DB64ADF1BD69}
		{105DD26A-282B-4CBA-A7C1-11D0CE58E6ED} = {30B8020D-F94D-4522-9B28-DB64ADF1BD69}
		{4BEA723D-4DDE-402D-98EB-D858A803C5B1} = {30B8020D-F94D-4522-9B28-DB64ADF1BD69}
		{6CEAEC1D-83E3-4DB5-9D71-15ED068FE4B5} = {30B8020D-F94D-4522-9B28-DB64ADF1BD69}
		{1AFC14F5-D8B6-4EFB-AF02-DD0B96543F9C} = {0F0958CE-BC86-4505-AFDD-EC4D77C3A5D5}
		{5DED55AF-A027-4AA5-A421-354D55BEAB1E} = {1AFC14F5-D8B6-4EFB-AF02-DD0B96543F9C}
	EndGlobalSection
	GlobalSection(ExtensibilityGlobals) = postSolution
		SolutionGuid = {2A6FF3B9-A772-42E3-8CAA-0E247E883A68}
	EndGlobalSection
EndGlobal
